{
  "name": "p5",
  "version": "1.0.0",
  "lockfileVersion": 2,
  "requires": true,
  "packages": {
    "": {
      "name": "p5",
      "version": "1.0.0",
      "license": "ISC",
      "dependencies": {
        "p5": "^1.4.2"
      }
    },
    "node_modules/p5": {
      "version": "1.4.2",
      "resolved": "https://registry.npmjs.org/p5/-/p5-1.4.2.tgz",
      "integrity": "sha512-J5zqZ/l1NIbJSuNr/FH9nDYgBRg7/NubStNPnx1fQCMSAgxI6peKDHs9i5iaG9EuwbJzjuG6/5bX/D0lqqrP9A=="
    }
  },
  "dependencies": {
    "p5": {
      "version": "1.4.2",
      "resolved": "https://registry.npmjs.org/p5/-/p5-1.4.2.tgz",
      "integrity": "sha512-J5zqZ/l1NIbJSuNr/FH9nDYgBRg7/NubStNPnx1fQCMSAgxI6peKDHs9i5iaG9EuwbJzjuG6/5bX/D0lqqrP9A=="
    }
  }
}
